// !$*UTF8*$!
{
	archiveVersion = 1;
	classes = {
	};
	objectVersion = 56;
	objects = {

/* Begin PBXBuildFile section */
		0B2200DF2AD3853300FE7918 /* welcome.mov in Resources */ = {isa = PBXBuildFile; fileRef = 0B2200DE2AD3853300FE7918 /* welcome.mov */; };
		0B2200E12AD4F17500FE7918 /* DynamicIslandView.swift in Sources */ = {isa = PBXBuildFile; fileRef = 0B2200E02AD4F17500FE7918 /* DynamicIslandView.swift */; };
		0B26062C2ACF7E1300E2B951 /* FinishedTaskView.swift in Sources */ = {isa = PBXBuildFile; fileRef = 0B26062B2ACF7E1300E2B951 /* FinishedTaskView.swift */; };
		0B26062E2ACF876E00E2B951 /* CustomTabView.swift in Sources */ = {isa = PBXBuildFile; fileRef = 0B26062D2ACF876E00E2B951 /* CustomTabView.swift */; };
		0B2606302ACF943600E2B951 /* WelcomeVideoView.swift in Sources */ = {isa = PBXBuildFile; fileRef = 0B26062F2ACF943600E2B951 /* WelcomeVideoView.swift */; };
		0B55522D2ACE58D100DCB7C2 /* ConfettiSwiftUI in Frameworks */ = {isa = PBXBuildFile; productRef = 0B55522C2ACE58D100DCB7C2 /* ConfettiSwiftUI */; };
		0B93431C2AD2B9B1003FF623 /* UnFinishedTaskView.swift in Sources */ = {isa = PBXBuildFile; fileRef = 0B93431B2AD2B9B1003FF623 /* UnFinishedTaskView.swift */; };
		0B93431E2AD36F48003FF623 /* HistoryView.swift in Sources */ = {isa = PBXBuildFile; fileRef = 0B93431D2AD36F48003FF623 /* HistoryView.swift */; };
		0B9343202AD37BFE003FF623 /* NameCompanionView.swift in Sources */ = {isa = PBXBuildFile; fileRef = 0B93431F2AD37BFE003FF623 /* NameCompanionView.swift */; };
		0BBDD4532ACA33470000A250 /* CompanionApp.swift in Sources */ = {isa = PBXBuildFile; fileRef = 0BBDD4522ACA33470000A250 /* CompanionApp.swift */; };
		0BBDD4552ACA33470000A250 /* ContentView.swift in Sources */ = {isa = PBXBuildFile; fileRef = 0BBDD4542ACA33470000A250 /* ContentView.swift */; };
		0BBDD4572ACA33480000A250 /* Assets.xcassets in Resources */ = {isa = PBXBuildFile; fileRef = 0BBDD4562ACA33480000A250 /* Assets.xcassets */; };
		0BBDD45A2ACA33480000A250 /* Preview Assets.xcassets in Resources */ = {isa = PBXBuildFile; fileRef = 0BBDD4592ACA33480000A250 /* Preview Assets.xcassets */; };
		0BBDD4612ACA65870000A250 /* OnGoingTaskView.swift in Sources */ = {isa = PBXBuildFile; fileRef = 0BBDD4602ACA65870000A250 /* OnGoingTaskView.swift */; };
		0BBDD4652ACBAC760000A250 /* SettingView.swift in Sources */ = {isa = PBXBuildFile; fileRef = 0BBDD4642ACBAC760000A250 /* SettingView.swift */; };
		D5037E062ACF7EA700675FC7 /* ActivateTaskView.swift in Sources */ = {isa = PBXBuildFile; fileRef = D5037E052ACF7EA700675FC7 /* ActivateTaskView.swift */; };
		D569AA802ACCDBE4006961B9 /* HomePageView.swift in Sources */ = {isa = PBXBuildFile; fileRef = D569AA7F2ACCDBE4006961B9 /* HomePageView.swift */; };
		D569AA822ACCDC14006961B9 /* ChooseYourCompanionView.swift in Sources */ = {isa = PBXBuildFile; fileRef = D569AA812ACCDC14006961B9 /* ChooseYourCompanionView.swift */; };
		D569AA862ACD9982006961B9 /* ChooseTaskView.swift in Sources */ = {isa = PBXBuildFile; fileRef = D569AA852ACD9982006961B9 /* ChooseTaskView.swift */; };
		D57C735B2AD3BA9D000CB65A /* CustomColourView.swift in Sources */ = {isa = PBXBuildFile; fileRef = D57C735A2AD3BA9D000CB65A /* CustomColourView.swift */; };
		D5DB5F252AD4E44B00A0900F /* EventStore.swift in Sources */ = {isa = PBXBuildFile; fileRef = D5DB5F242AD4E44B00A0900F /* EventStore.swift */; };
		D5DB5F272AD4E45600A0900F /* Event.swift in Sources */ = {isa = PBXBuildFile; fileRef = D5DB5F262AD4E45600A0900F /* Event.swift */; };
		D5DB5F322AD4F3C300A0900F /* DaysHistoryView.swift in Sources */ = {isa = PBXBuildFile; fileRef = D5DB5F312AD4F3C300A0900F /* DaysHistoryView.swift */; };
/* End PBXBuildFile section */

/* Begin PBXFileReference section */
		0B2200DE2AD3853300FE7918 /* welcome.mov */ = {isa = PBXFileReference; lastKnownFileType = video.quicktime; name = welcome.mov; path = Companion/welcome.mov; sourceTree = SOURCE_ROOT; };
		0B2200E02AD4F17500FE7918 /* DynamicIslandView.swift */ = {isa = PBXFileReference; lastKnownFileType = sourcecode.swift; path = DynamicIslandView.swift; sourceTree = "<group>"; };
		0B26062B2ACF7E1300E2B951 /* FinishedTaskView.swift */ = {isa = PBXFileReference; lastKnownFileType = sourcecode.swift; path = FinishedTaskView.swift; sourceTree = "<group>"; };
		0B26062D2ACF876E00E2B951 /* CustomTabView.swift */ = {isa = PBXFileReference; lastKnownFileType = sourcecode.swift; path = CustomTabView.swift; sourceTree = "<group>"; };
		0B26062F2ACF943600E2B951 /* WelcomeVideoView.swift */ = {isa = PBXFileReference; lastKnownFileType = sourcecode.swift; path = WelcomeVideoView.swift; sourceTree = "<group>"; };
		0B93431B2AD2B9B1003FF623 /* UnFinishedTaskView.swift */ = {isa = PBXFileReference; lastKnownFileType = sourcecode.swift; path = UnFinishedTaskView.swift; sourceTree = "<group>"; };
		0B93431D2AD36F48003FF623 /* HistoryView.swift */ = {isa = PBXFileReference; lastKnownFileType = sourcecode.swift; path = HistoryView.swift; sourceTree = "<group>"; };
		0B93431F2AD37BFE003FF623 /* NameCompanionView.swift */ = {isa = PBXFileReference; fileEncoding = 4; lastKnownFileType = sourcecode.swift; path = NameCompanionView.swift; sourceTree = "<group>"; };
		0BBDD44F2ACA33470000A250 /* companion.app */ = {isa = PBXFileReference; explicitFileType = wrapper.application; includeInIndex = 0; path = companion.app; sourceTree = BUILT_PRODUCTS_DIR; };
		0BBDD4522ACA33470000A250 /* CompanionApp.swift */ = {isa = PBXFileReference; lastKnownFileType = sourcecode.swift; path = CompanionApp.swift; sourceTree = "<group>"; };
		0BBDD4542ACA33470000A250 /* ContentView.swift */ = {isa = PBXFileReference; lastKnownFileType = sourcecode.swift; path = ContentView.swift; sourceTree = "<group>"; };
		0BBDD4562ACA33480000A250 /* Assets.xcassets */ = {isa = PBXFileReference; lastKnownFileType = folder.assetcatalog; path = Assets.xcassets; sourceTree = "<group>"; };
		0BBDD4592ACA33480000A250 /* Preview Assets.xcassets */ = {isa = PBXFileReference; lastKnownFileType = folder.assetcatalog; path = "Preview Assets.xcassets"; sourceTree = "<group>"; };
		0BBDD4602ACA65870000A250 /* OnGoingTaskView.swift */ = {isa = PBXFileReference; lastKnownFileType = sourcecode.swift; path = OnGoingTaskView.swift; sourceTree = "<group>"; };
		0BBDD4642ACBAC760000A250 /* SettingView.swift */ = {isa = PBXFileReference; lastKnownFileType = sourcecode.swift; path = SettingView.swift; sourceTree = "<group>"; };
		D5037E052ACF7EA700675FC7 /* ActivateTaskView.swift */ = {isa = PBXFileReference; lastKnownFileType = sourcecode.swift; path = ActivateTaskView.swift; sourceTree = "<group>"; };
		D569AA7F2ACCDBE4006961B9 /* HomePageView.swift */ = {isa = PBXFileReference; fileEncoding = 4; lastKnownFileType = sourcecode.swift; path = HomePageView.swift; sourceTree = "<group>"; };
		D569AA812ACCDC14006961B9 /* ChooseYourCompanionView.swift */ = {isa = PBXFileReference; fileEncoding = 4; lastKnownFileType = sourcecode.swift; path = ChooseYourCompanionView.swift; sourceTree = "<group>"; };
		D569AA852ACD9982006961B9 /* ChooseTaskView.swift */ = {isa = PBXFileReference; lastKnownFileType = sourcecode.swift; path = ChooseTaskView.swift; sourceTree = "<group>"; };
		D57C735A2AD3BA9D000CB65A /* CustomColourView.swift */ = {isa = PBXFileReference; lastKnownFileType = sourcecode.swift; path = CustomColourView.swift; sourceTree = "<group>"; };
		D57C735E2AD4CFE4000CB65A /* Info.plist */ = {isa = PBXFileReference; lastKnownFileType = text.plist; name = Info.plist; path = companion/Info.plist; sourceTree = "<group>"; };
		D5DB5F242AD4E44B00A0900F /* EventStore.swift */ = {isa = PBXFileReference; lastKnownFileType = sourcecode.swift; path = EventStore.swift; sourceTree = "<group>"; };
		D5DB5F262AD4E45600A0900F /* Event.swift */ = {isa = PBXFileReference; lastKnownFileType = sourcecode.swift; path = Event.swift; sourceTree = "<group>"; };
		D5DB5F312AD4F3C300A0900F /* DaysHistoryView.swift */ = {isa = PBXFileReference; lastKnownFileType = sourcecode.swift; path = DaysHistoryView.swift; sourceTree = "<group>"; };
/* End PBXFileReference section */

/* Begin PBXFrameworksBuildPhase section */
		0BBDD44C2ACA33470000A250 /* Frameworks */ = {
			isa = PBXFrameworksBuildPhase;
			buildActionMask = 2147483647;
			files = (
				0B55522D2ACE58D100DCB7C2 /* ConfettiSwiftUI in Frameworks */,
			);
			runOnlyForDeploymentPostprocessing = 0;
		};
/* End PBXFrameworksBuildPhase section */

/* Begin PBXGroup section */
		0B5552282ACE3A6600DCB7C2 /* Views */ = {
			isa = PBXGroup;
			children = (
				0B93431A2AD2B974003FF623 /* TaskResultView */,
				0BBDD4602ACA65870000A250 /* OnGoingTaskView.swift */,
				0B26062D2ACF876E00E2B951 /* CustomTabView.swift */,
				0BBDD4642ACBAC760000A250 /* SettingView.swift */,
				D569AA7F2ACCDBE4006961B9 /* HomePageView.swift */,
				D569AA812ACCDC14006961B9 /* ChooseYourCompanionView.swift */,
				0B93431F2AD37BFE003FF623 /* NameCompanionView.swift */,
				D569AA852ACD9982006961B9 /* ChooseTaskView.swift */,
				D5037E052ACF7EA700675FC7 /* ActivateTaskView.swift */,
				0B26062F2ACF943600E2B951 /* WelcomeVideoView.swift */,
				0B93431D2AD36F48003FF623 /* HistoryView.swift */,
				D5DB5F312AD4F3C300A0900F /* DaysHistoryView.swift */,
				D57C735A2AD3BA9D000CB65A /* CustomColourView.swift */,
				0B2200E02AD4F17500FE7918 /* DynamicIslandView.swift */,
			);
			path = Views;
			sourceTree = "<group>";
		};
		0B93431A2AD2B974003FF623 /* TaskResultView */ = {
			isa = PBXGroup;
			children = (
				0B26062B2ACF7E1300E2B951 /* FinishedTaskView.swift */,
				0B93431B2AD2B9B1003FF623 /* UnFinishedTaskView.swift */,
			);
			path = TaskResultView;
			sourceTree = "<group>";
		};
		0BBDD4462ACA33470000A250 = {
			isa = PBXGroup;
			children = (
				D57C735E2AD4CFE4000CB65A /* Info.plist */,
				0BBDD4512ACA33470000A250 /* Companion */,
				0BBDD4502ACA33470000A250 /* Products */,
			);
			sourceTree = "<group>";
		};
		0BBDD4502ACA33470000A250 /* Products */ = {
			isa = PBXGroup;
			children = (
				0BBDD44F2ACA33470000A250 /* companion.app */,
			);
			name = Products;
			sourceTree = "<group>";
		};
		0BBDD4512ACA33470000A250 /* Companion */ = {
			isa = PBXGroup;
			children = (
				D5DB5F232AD4E3C300A0900F /* Models */,
				0B5552282ACE3A6600DCB7C2 /* Views */,
				0BBDD4522ACA33470000A250 /* CompanionApp.swift */,
				0BBDD4542ACA33470000A250 /* ContentView.swift */,
				0BBDD4562ACA33480000A250 /* Assets.xcassets */,
				0B2200DE2AD3853300FE7918 /* welcome.mov */,
				0BBDD4582ACA33480000A250 /* Preview Content */,
			);
			path = Companion;
			sourceTree = "<group>";
		};
		0BBDD4582ACA33480000A250 /* Preview Content */ = {
			isa = PBXGroup;
			children = (
				0BBDD4592ACA33480000A250 /* Preview Assets.xcassets */,
			);
			path = "Preview Content";
			sourceTree = "<group>";
		};
		D5DB5F232AD4E3C300A0900F /* Models */ = {
			isa = PBXGroup;
			children = (
				D5DB5F242AD4E44B00A0900F /* EventStore.swift */,
				D5DB5F262AD4E45600A0900F /* Event.swift */,
			);
			path = Models;
			sourceTree = "<group>";
		};
/* End PBXGroup section */

/* Begin PBXNativeTarget section */
		0BBDD44E2ACA33470000A250 /* companion */ = {
			isa = PBXNativeTarget;
			buildConfigurationList = 0BBDD45D2ACA33480000A250 /* Build configuration list for PBXNativeTarget "companion" */;
			buildPhases = (
				0BBDD44B2ACA33470000A250 /* Sources */,
				0BBDD44C2ACA33470000A250 /* Frameworks */,
				0BBDD44D2ACA33470000A250 /* Resources */,
			);
			buildRules = (
			);
			dependencies = (
			);
			name = companion;
			packageProductDependencies = (
				0B55522C2ACE58D100DCB7C2 /* ConfettiSwiftUI */,
			);
			productName = PraShina;
			productReference = 0BBDD44F2ACA33470000A250 /* companion.app */;
			productType = "com.apple.product-type.application";
		};
/* End PBXNativeTarget section */

/* Begin PBXProject section */
		0BBDD4472ACA33470000A250 /* Project object */ = {
			isa = PBXProject;
			attributes = {
				BuildIndependentTargetsInParallel = 1;
				LastSwiftUpdateCheck = 1500;
				LastUpgradeCheck = 1500;
				TargetAttributes = {
					0BBDD44E2ACA33470000A250 = {
						CreatedOnToolsVersion = 15.0;
					};
				};
			};
			buildConfigurationList = 0BBDD44A2ACA33470000A250 /* Build configuration list for PBXProject "Companion" */;
			compatibilityVersion = "Xcode 14.0";
			developmentRegion = en;
			hasScannedForEncodings = 0;
			knownRegions = (
				en,
				Base,
			);
			mainGroup = 0BBDD4462ACA33470000A250;
			packageReferences = (
				0B55522B2ACE58D100DCB7C2 /* XCRemoteSwiftPackageReference "ConfettiSwiftUI" */,
			);
			productRefGroup = 0BBDD4502ACA33470000A250 /* Products */;
			projectDirPath = "";
			projectRoot = "";
			targets = (
				0BBDD44E2ACA33470000A250 /* companion */,
			);
		};
/* End PBXProject section */

/* Begin PBXResourcesBuildPhase section */
		0BBDD44D2ACA33470000A250 /* Resources */ = {
			isa = PBXResourcesBuildPhase;
			buildActionMask = 2147483647;
			files = (
				0B2200DF2AD3853300FE7918 /* welcome.mov in Resources */,
				0BBDD45A2ACA33480000A250 /* Preview Assets.xcassets in Resources */,
				0BBDD4572ACA33480000A250 /* Assets.xcassets in Resources */,
			);
			runOnlyForDeploymentPostprocessing = 0;
		};
/* End PBXResourcesBuildPhase section */

/* Begin PBXSourcesBuildPhase section */
		0BBDD44B2ACA33470000A250 /* Sources */ = {
			isa = PBXSourcesBuildPhase;
			buildActionMask = 2147483647;
			files = (
				0BBDD4612ACA65870000A250 /* OnGoingTaskView.swift in Sources */,
				D5037E062ACF7EA700675FC7 /* ActivateTaskView.swift in Sources */,
				D569AA862ACD9982006961B9 /* ChooseTaskView.swift in Sources */,
				0B93431C2AD2B9B1003FF623 /* UnFinishedTaskView.swift in Sources */,
				0B2606302ACF943600E2B951 /* WelcomeVideoView.swift in Sources */,
				0B26062C2ACF7E1300E2B951 /* FinishedTaskView.swift in Sources */,
				0B93431E2AD36F48003FF623 /* HistoryView.swift in Sources */,
				0BBDD4652ACBAC760000A250 /* SettingView.swift in Sources */,
				D5DB5F272AD4E45600A0900F /* Event.swift in Sources */,
				0BBDD4552ACA33470000A250 /* ContentView.swift in Sources */,
				0BBDD4532ACA33470000A250 /* CompanionApp.swift in Sources */,
				D5DB5F252AD4E44B00A0900F /* EventStore.swift in Sources */,
				D57C735B2AD3BA9D000CB65A /* CustomColourView.swift in Sources */,
				0B9343202AD37BFE003FF623 /* NameCompanionView.swift in Sources */,
				0B26062E2ACF876E00E2B951 /* CustomTabView.swift in Sources */,
				D5DB5F322AD4F3C300A0900F /* DaysHistoryView.swift in Sources */,
				0B2200E12AD4F17500FE7918 /* DynamicIslandView.swift in Sources */,
				D569AA802ACCDBE4006961B9 /* HomePageView.swift in Sources */,
				D569AA822ACCDC14006961B9 /* ChooseYourCompanionView.swift in Sources */,
			);
			runOnlyForDeploymentPostprocessing = 0;
		};
/* End PBXSourcesBuildPhase section */

/* Begin XCBuildConfiguration section */
		0BBDD45B2ACA33480000A250 /* Debug */ = {
			isa = XCBuildConfiguration;
			buildSettings = {
				ALWAYS_SEARCH_USER_PATHS = NO;
				ASSETCATALOG_COMPILER_GENERATE_SWIFT_ASSET_SYMBOL_EXTENSIONS = YES;
				CLANG_ANALYZER_NONNULL = YES;
				CLANG_ANALYZER_NUMBER_OBJECT_CONVERSION = YES_AGGRESSIVE;
				CLANG_CXX_LANGUAGE_STANDARD = "gnu++20";
				CLANG_ENABLE_MODULES = YES;
				CLANG_ENABLE_OBJC_ARC = YES;
				CLANG_ENABLE_OBJC_WEAK = YES;
				CLANG_WARN_BLOCK_CAPTURE_AUTORELEASING = YES;
				CLANG_WARN_BOOL_CONVERSION = YES;
				CLANG_WARN_COMMA = YES;
				CLANG_WARN_CONSTANT_CONVERSION = YES;
				CLANG_WARN_DEPRECATED_OBJC_IMPLEMENTATIONS = YES;
				CLANG_WARN_DIRECT_OBJC_ISA_USAGE = YES_ERROR;
				CLANG_WARN_DOCUMENTATION_COMMENTS = YES;
				CLANG_WARN_EMPTY_BODY = YES;
				CLANG_WARN_ENUM_CONVERSION = YES;
				CLANG_WARN_INFINITE_RECURSION = YES;
				CLANG_WARN_INT_CONVERSION = YES;
				CLANG_WARN_NON_LITERAL_NULL_CONVERSION = YES;
				CLANG_WARN_OBJC_IMPLICIT_RETAIN_SELF = YES;
				CLANG_WARN_OBJC_LITERAL_CONVERSION = YES;
				CLANG_WARN_OBJC_ROOT_CLASS = YES_ERROR;
				CLANG_WARN_QUOTED_INCLUDE_IN_FRAMEWORK_HEADER = YES;
				CLANG_WARN_RANGE_LOOP_ANALYSIS = YES;
				CLANG_WARN_STRICT_PROTOTYPES = YES;
				CLANG_WARN_SUSPICIOUS_MOVE = YES;
				CLANG_WARN_UNGUARDED_AVAILABILITY = YES_AGGRESSIVE;
				CLANG_WARN_UNREACHABLE_CODE = YES;
				CLANG_WARN__DUPLICATE_METHOD_MATCH = YES;
				COPY_PHASE_STRIP = NO;
				DEBUG_INFORMATION_FORMAT = dwarf;
				ENABLE_STRICT_OBJC_MSGSEND = YES;
				ENABLE_TESTABILITY = YES;
				ENABLE_USER_SCRIPT_SANDBOXING = YES;
				GCC_C_LANGUAGE_STANDARD = gnu17;
				GCC_DYNAMIC_NO_PIC = NO;
				GCC_NO_COMMON_BLOCKS = YES;
				GCC_OPTIMIZATION_LEVEL = 0;
				GCC_PREPROCESSOR_DEFINITIONS = (
					"DEBUG=1",
					"$(inherited)",
				);
				GCC_WARN_64_TO_32_BIT_CONVERSION = YES;
				GCC_WARN_ABOUT_RETURN_TYPE = YES_ERROR;
				GCC_WARN_UNDECLARED_SELECTOR = YES;
				GCC_WARN_UNINITIALIZED_AUTOS = YES_AGGRESSIVE;
				GCC_WARN_UNUSED_FUNCTION = YES;
				GCC_WARN_UNUSED_VARIABLE = YES;
				IPHONEOS_DEPLOYMENT_TARGET = 17.0;
				LOCALIZATION_PREFERS_STRING_CATALOGS = YES;
				MTL_ENABLE_DEBUG_INFO = INCLUDE_SOURCE;
				MTL_FAST_MATH = YES;
				ONLY_ACTIVE_ARCH = YES;
				SDKROOT = iphoneos;
				SWIFT_ACTIVE_COMPILATION_CONDITIONS = "DEBUG $(inherited)";
				SWIFT_OPTIMIZATION_LEVEL = "-Onone";
			};
			name = Debug;
		};
		0BBDD45C2ACA33480000A250 /* Release */ = {
			isa = XCBuildConfiguration;
			buildSettings = {
				ALWAYS_SEARCH_USER_PATHS = NO;
				ASSETCATALOG_COMPILER_GENERATE_SWIFT_ASSET_SYMBOL_EXTENSIONS = YES;
				CLANG_ANALYZER_NONNULL = YES;
				CLANG_ANALYZER_NUMBER_OBJECT_CONVERSION = YES_AGGRESSIVE;
				CLANG_CXX_LANGUAGE_STANDARD = "gnu++20";
				CLANG_ENABLE_MODULES = YES;
				CLANG_ENABLE_OBJC_ARC = YES;
				CLANG_ENABLE_OBJC_WEAK = YES;
				CLANG_WARN_BLOCK_CAPTURE_AUTORELEASING = YES;
				CLANG_WARN_BOOL_CONVERSION = YES;
				CLANG_WARN_COMMA = YES;
				CLANG_WARN_CONSTANT_CONVERSION = YES;
				CLANG_WARN_DEPRECATED_OBJC_IMPLEMENTATIONS = YES;
				CLANG_WARN_DIRECT_OBJC_ISA_USAGE = YES_ERROR;
				CLANG_WARN_DOCUMENTATION_COMMENTS = YES;
				CLANG_WARN_EMPTY_BODY = YES;
				CLANG_WARN_ENUM_CONVERSION = YES;
				CLANG_WARN_INFINITE_RECURSION = YES;
				CLANG_WARN_INT_CONVERSION = YES;
				CLANG_WARN_NON_LITERAL_NULL_CONVERSION = YES;
				CLANG_WARN_OBJC_IMPLICIT_RETAIN_SELF = YES;
				CLANG_WARN_OBJC_LITERAL_CONVERSION = YES;
				CLANG_WARN_OBJC_ROOT_CLASS = YES_ERROR;
				CLANG_WARN_QUOTED_INCLUDE_IN_FRAMEWORK_HEADER = YES;
				CLANG_WARN_RANGE_LOOP_ANALYSIS = YES;
				CLANG_WARN_STRICT_PROTOTYPES = YES;
				CLANG_WARN_SUSPICIOUS_MOVE = YES;
				CLANG_WARN_UNGUARDED_AVAILABILITY = YES_AGGRESSIVE;
				CLANG_WARN_UNREACHABLE_CODE = YES;
				CLANG_WARN__DUPLICATE_METHOD_MATCH = YES;
				COPY_PHASE_STRIP = NO;
				DEBUG_INFORMATION_FORMAT = "dwarf-with-dsym";
				ENABLE_NS_ASSERTIONS = NO;
				ENABLE_STRICT_OBJC_MSGSEND = YES;
				ENABLE_USER_SCRIPT_SANDBOXING = YES;
				GCC_C_LANGUAGE_STANDARD = gnu17;
				GCC_NO_COMMON_BLOCKS = YES;
				GCC_WARN_64_TO_32_BIT_CONVERSION = YES;
				GCC_WARN_ABOUT_RETURN_TYPE = YES_ERROR;
				GCC_WARN_UNDECLARED_SELECTOR = YES;
				GCC_WARN_UNINITIALIZED_AUTOS = YES_AGGRESSIVE;
				GCC_WARN_UNUSED_FUNCTION = YES;
				GCC_WARN_UNUSED_VARIABLE = YES;
				IPHONEOS_DEPLOYMENT_TARGET = 17.0;
				LOCALIZATION_PREFERS_STRING_CATALOGS = YES;
				MTL_ENABLE_DEBUG_INFO = NO;
				MTL_FAST_MATH = YES;
				SDKROOT = iphoneos;
				SWIFT_COMPILATION_MODE = wholemodule;
				VALIDATE_PRODUCT = YES;
			};
			name = Release;
		};
		0BBDD45E2ACA33480000A250 /* Debug */ = {
			isa = XCBuildConfiguration;
			buildSettings = {
				ASSETCATALOG_COMPILER_APPICON_NAME = AppIcon;
				ASSETCATALOG_COMPILER_GLOBAL_ACCENT_COLOR_NAME = AccentColor;
				CODE_SIGN_STYLE = Automatic;
				CURRENT_PROJECT_VERSION = 1;
				DEVELOPMENT_ASSET_PATHS = "\"Companion/Preview Content\"";
				DEVELOPMENT_TEAM = Y56U5X7F52;
				ENABLE_PREVIEWS = YES;
				GENERATE_INFOPLIST_FILE = YES;
				INFOPLIST_FILE = companion/Info.plist;
				INFOPLIST_KEY_UIApplicationSceneManifest_Generation = YES;
				INFOPLIST_KEY_UIApplicationSupportsIndirectInputEvents = YES;
				INFOPLIST_KEY_UILaunchScreen_Generation = YES;
				INFOPLIST_KEY_UISupportedInterfaceOrientations_iPad = "UIInterfaceOrientationPortrait UIInterfaceOrientationPortraitUpsideDown UIInterfaceOrientationLandscapeLeft UIInterfaceOrientationLandscapeRight";
				INFOPLIST_KEY_UISupportedInterfaceOrientations_iPhone = "UIInterfaceOrientationPortrait UIInterfaceOrientationLandscapeLeft UIInterfaceOrientationLandscapeRight";
				LD_RUNPATH_SEARCH_PATHS = (
					"$(inherited)",
					"@executable_path/Frameworks",
				);
				MARKETING_VERSION = 1.0;
				PRODUCT_BUNDLE_IDENTIFIER = me.shina.PraShina;
				PRODUCT_NAME = "$(TARGET_NAME)";
				SWIFT_EMIT_LOC_STRINGS = YES;
				SWIFT_VERSION = 5.0;
				TARGETED_DEVICE_FAMILY = "1,2";
			};
			name = Debug;
		};
		0BBDD45F2ACA33480000A250 /* Release */ = {
			isa = XCBuildConfiguration;
			buildSettings = {
				ASSETCATALOG_COMPILER_APPICON_NAME = AppIcon;
				ASSETCATALOG_COMPILER_GLOBAL_ACCENT_COLOR_NAME = AccentColor;
				CODE_SIGN_STYLE = Automatic;
				CURRENT_PROJECT_VERSION = 1;
				DEVELOPMENT_ASSET_PATHS = "\"Companion/Preview Content\"";
				DEVELOPMENT_TEAM = Y56U5X7F52;
				ENABLE_PREVIEWS = YES;
				GENERATE_INFOPLIST_FILE = YES;
				INFOPLIST_FILE = companion/Info.plist;
				INFOPLIST_KEY_UIApplicationSceneManifest_Generation = YES;
				INFOPLIST_KEY_UIApplicationSupportsIndirectInputEvents = YES;
				INFOPLIST_KEY_UILaunchScreen_Generation = YES;
				INFOPLIST_KEY_UISupportedInterfaceOrientations_iPad = "UIInterfaceOrientationPortrait UIInterfaceOrientationPortraitUpsideDown UIInterfaceOrientationLandscapeLeft UIInterfaceOrientationLandscapeRight";
				INFOPLIST_KEY_UISupportedInterfaceOrientations_iPhone = "UIInterfaceOrientationPortrait UIInterfaceOrientationLandscapeLeft UIInterfaceOrientationLandscapeRight";
				LD_RUNPATH_SEARCH_PATHS = (
					"$(inherited)",
					"@executable_path/Frameworks",
				);
				MARKETING_VERSION = 1.0;
				PRODUCT_BUNDLE_IDENTIFIER = me.shina.PraShina;
				PRODUCT_NAME = "$(TARGET_NAME)";
				SWIFT_EMIT_LOC_STRINGS = YES;
				SWIFT_VERSION = 5.0;
				TARGETED_DEVICE_FAMILY = "1,2";
			};
			name = Release;
		};
/* End XCBuildConfiguration section */

/* Begin XCConfigurationList section */
		0BBDD44A2ACA33470000A250 /* Build configuration list for PBXProject "Companion" */ = {
			isa = XCConfigurationList;
			buildConfigurations = (
				0BBDD45B2ACA33480000A250 /* Debug */,
				0BBDD45C2ACA33480000A250 /* Release */,
			);
			defaultConfigurationIsVisible = 0;
			defaultConfigurationName = Release;
		};
		0BBDD45D2ACA33480000A250 /* Build configuration list for PBXNativeTarget "companion" */ = {
			isa = XCConfigurationList;
			buildConfigurations = (
				0BBDD45E2ACA33480000A250 /* Debug */,
				0BBDD45F2ACA33480000A250 /* Release */,
			);
			defaultConfigurationIsVisible = 0;
			defaultConfigurationName = Release;
		};
/* End XCConfigurationList section */

/* Begin XCRemoteSwiftPackageReference section */
		0B55522B2ACE58D100DCB7C2 /* XCRemoteSwiftPackageReference "ConfettiSwiftUI" */ = {
			isa = XCRemoteSwiftPackageReference;
			repositoryURL = "https://github.com/simibac/ConfettiSwiftUI";
			requirement = {
				kind = upToNextMajorVersion;
				minimumVersion = 1.1.0;
			};
		};
/* End XCRemoteSwiftPackageReference section */

/* Begin XCSwiftPackageProductDependency section */
		0B55522C2ACE58D100DCB7C2 /* ConfettiSwiftUI */ = {
			isa = XCSwiftPackageProductDependency;
			package = 0B55522B2ACE58D100DCB7C2 /* XCRemoteSwiftPackageReference "ConfettiSwiftUI" */;
			productName = ConfettiSwiftUI;
		};
/* End XCSwiftPackageProductDependency section */
	};
	rootObject = 0BBDD4472ACA33470000A250 /* Project object */;
}
