// !$*UTF8*$!
{
	archiveVersion = 1;
	classes = {
	};
	objectVersion = 56;
	objects = {

/* Begin PBXBuildFile section */
		FE3686162ACB9FF40099436F /* CompanionApp.swift in Sources */ = {isa = PBXBuildFile; fileRef = FE3686152ACB9FF40099436F /* CompanionApp.swift */; };
		FE3686182ACB9FF40099436F /* ContentView.swift in Sources */ = {isa = PBXBuildFile; fileRef = FE3686172ACB9FF40099436F /* ContentView.swift */; };
		FE36861A2ACB9FF50099436F /* Assets.xcassets in Resources */ = {isa = PBXBuildFile; fileRef = FE3686192ACB9FF50099436F /* Assets.xcassets */; };
		FE36861D2ACB9FF50099436F /* Preview Assets.xcassets in Resources */ = {isa = PBXBuildFile; fileRef = FE36861C2ACB9FF50099436F /* Preview Assets.xcassets */; };
		FE3686272ACB9FF50099436F /* CompanionTests.swift in Sources */ = {isa = PBXBuildFile; fileRef = FE3686262ACB9FF50099436F /* CompanionTests.swift */; };
		FE3686312ACB9FF50099436F /* CompanionUITests.swift in Sources */ = {isa = PBXBuildFile; fileRef = FE3686302ACB9FF50099436F /* CompanionUITests.swift */; };
		FE3686332ACB9FF50099436F /* CompanionUITestsLaunchTests.swift in Sources */ = {isa = PBXBuildFile; fileRef = FE3686322ACB9FF50099436F /* CompanionUITestsLaunchTests.swift */; };
		FE3686462ACBB1F00099436F /* NameCompanionView.swift in Sources */ = {isa = PBXBuildFile; fileRef = FE3686452ACBB1F00099436F /* NameCompanionView.swift */; };
		FE3686802ACCEDD80099436F /* SettingView.swift in Sources */ = {isa = PBXBuildFile; fileRef = FE36867F2ACCEDD80099436F /* SettingView.swift */; };
		FE3686822ACCEE830099436F /* OnGoingTaskView.swift in Sources */ = {isa = PBXBuildFile; fileRef = FE3686812ACCEE830099436F /* OnGoingTaskView.swift */; };
		FE3686842ACCFA570099436F /* HomePageView.swift in Sources */ = {isa = PBXBuildFile; fileRef = FE3686832ACCFA570099436F /* HomePageView.swift */; };
/* End PBXBuildFile section */

/* Begin PBXContainerItemProxy section */
		FE3686232ACB9FF50099436F /* PBXContainerItemProxy */ = {
			isa = PBXContainerItemProxy;
			containerPortal = FE36860A2ACB9FF40099436F /* Project object */;
			proxyType = 1;
			remoteGlobalIDString = FE3686112ACB9FF40099436F;
			remoteInfo = Companion;
		};
		FE36862D2ACB9FF50099436F /* PBXContainerItemProxy */ = {
			isa = PBXContainerItemProxy;
			containerPortal = FE36860A2ACB9FF40099436F /* Project object */;
			proxyType = 1;
			remoteGlobalIDString = FE3686112ACB9FF40099436F;
			remoteInfo = Companion;
		};
/* End PBXContainerItemProxy section */

/* Begin PBXFileReference section */
		FE3686122ACB9FF40099436F /* Companion.app */ = {isa = PBXFileReference; explicitFileType = wrapper.application; includeInIndex = 0; path = Companion.app; sourceTree = BUILT_PRODUCTS_DIR; };
		FE3686152ACB9FF40099436F /* CompanionApp.swift */ = {isa = PBXFileReference; lastKnownFileType = sourcecode.swift; path = CompanionApp.swift; sourceTree = "<group>"; };
		FE3686172ACB9FF40099436F /* ContentView.swift */ = {isa = PBXFileReference; lastKnownFileType = sourcecode.swift; path = ContentView.swift; sourceTree = "<group>"; };
		FE3686192ACB9FF50099436F /* Assets.xcassets */ = {isa = PBXFileReference; lastKnownFileType = folder.assetcatalog; path = Assets.xcassets; sourceTree = "<group>"; };
		FE36861C2ACB9FF50099436F /* Preview Assets.xcassets */ = {isa = PBXFileReference; lastKnownFileType = folder.assetcatalog; path = "Preview Assets.xcassets"; sourceTree = "<group>"; };
		FE3686222ACB9FF50099436F /* CompanionTests.xctest */ = {isa = PBXFileReference; explicitFileType = wrapper.cfbundle; includeInIndex = 0; path = CompanionTests.xctest; sourceTree = BUILT_PRODUCTS_DIR; };
		FE3686262ACB9FF50099436F /* CompanionTests.swift */ = {isa = PBXFileReference; lastKnownFileType = sourcecode.swift; path = CompanionTests.swift; sourceTree = "<group>"; };
		FE36862C2ACB9FF50099436F /* CompanionUITests.xctest */ = {isa = PBXFileReference; explicitFileType = wrapper.cfbundle; includeInIndex = 0; path = CompanionUITests.xctest; sourceTree = BUILT_PRODUCTS_DIR; };
		FE3686302ACB9FF50099436F /* CompanionUITests.swift */ = {isa = PBXFileReference; lastKnownFileType = sourcecode.swift; path = CompanionUITests.swift; sourceTree = "<group>"; };
		FE3686322ACB9FF50099436F /* CompanionUITestsLaunchTests.swift */ = {isa = PBXFileReference; lastKnownFileType = sourcecode.swift; path = CompanionUITestsLaunchTests.swift; sourceTree = "<group>"; };
		FE3686452ACBB1F00099436F /* NameCompanionView.swift */ = {isa = PBXFileReference; lastKnownFileType = sourcecode.swift; path = NameCompanionView.swift; sourceTree = "<group>"; };
		FE36867F2ACCEDD80099436F /* SettingView.swift */ = {isa = PBXFileReference; lastKnownFileType = sourcecode.swift; path = SettingView.swift; sourceTree = "<group>"; };
		FE3686812ACCEE830099436F /* OnGoingTaskView.swift */ = {isa = PBXFileReference; lastKnownFileType = sourcecode.swift; path = OnGoingTaskView.swift; sourceTree = "<group>"; };
		FE3686832ACCFA570099436F /* HomePageView.swift */ = {isa = PBXFileReference; lastKnownFileType = sourcecode.swift; path = HomePageView.swift; sourceTree = "<group>"; };
/* End PBXFileReference section */

/* Begin PBXFrameworksBuildPhase section */
		FE36860F2ACB9FF40099436F /* Frameworks */ = {
			isa = PBXFrameworksBuildPhase;
			buildActionMask = 2147483647;
			files = (
			);
			runOnlyForDeploymentPostprocessing = 0;
		};
		FE36861F2ACB9FF50099436F /* Frameworks */ = {
			isa = PBXFrameworksBuildPhase;
			buildActionMask = 2147483647;
			files = (
			);
			runOnlyForDeploymentPostprocessing = 0;
		};
		FE3686292ACB9FF50099436F /* Frameworks */ = {
			isa = PBXFrameworksBuildPhase;
			buildActionMask = 2147483647;
			files = (
			);
			runOnlyForDeploymentPostprocessing = 0;
		};
/* End PBXFrameworksBuildPhase section */

/* Begin PBXGroup section */
		FE3686092ACB9FF40099436F = {
			isa = PBXGroup;
			children = (
				FE3686142ACB9FF40099436F /* Companion */,
				FE3686252ACB9FF50099436F /* CompanionTests */,
				FE36862F2ACB9FF50099436F /* CompanionUITests */,
				FE3686132ACB9FF40099436F /* Products */,
			);
			sourceTree = "<group>";
		};
		FE3686132ACB9FF40099436F /* Products */ = {
			isa = PBXGroup;
			children = (
				FE3686122ACB9FF40099436F /* Companion.app */,
				FE3686222ACB9FF50099436F /* CompanionTests.xctest */,
				FE36862C2ACB9FF50099436F /* CompanionUITests.xctest */,
			);
			name = Products;
			sourceTree = "<group>";
		};
		FE3686142ACB9FF40099436F /* Companion */ = {
			isa = PBXGroup;
			children = (
				FE3686152ACB9FF40099436F /* CompanionApp.swift */,
				FE3686812ACCEE830099436F /* OnGoingTaskView.swift */,
				FE36867F2ACCEDD80099436F /* SettingView.swift */,
				FE3686172ACB9FF40099436F /* ContentView.swift */,
				FE3686832ACCFA570099436F /* HomePageView.swift */,
				FE3686452ACBB1F00099436F /* NameCompanionView.swift */,
				FE3686192ACB9FF50099436F /* Assets.xcassets */,
				FE36861B2ACB9FF50099436F /* Preview Content */,
			);
			path = Companion;
			sourceTree = "<group>";
		};
		FE36861B2ACB9FF50099436F /* Preview Content */ = {
			isa = PBXGroup;
			children = (
				FE36861C2ACB9FF50099436F /* Preview Assets.xcassets */,
			);
			path = "Preview Content";
			sourceTree = "<group>";
		};
		FE3686252ACB9FF50099436F /* CompanionTests */ = {
			isa = PBXGroup;
			children = (
				FE3686262ACB9FF50099436F /* CompanionTests.swift */,
			);
			path = CompanionTests;
			sourceTree = "<group>";
		};
		FE36862F2ACB9FF50099436F /* CompanionUITests */ = {
			isa = PBXGroup;
			children = (
				FE3686302ACB9FF50099436F /* CompanionUITests.swift */,
				FE3686322ACB9FF50099436F /* CompanionUITestsLaunchTests.swift */,
			);
			path = CompanionUITests;
			sourceTree = "<group>";
		};
/* End PBXGroup section */

/* Begin PBXNativeTarget section */
		FE3686112ACB9FF40099436F /* Companion */ = {
			isa = PBXNativeTarget;
			buildConfigurationList = FE3686362ACB9FF50099436F /* Build configuration list for PBXNativeTarget "Companion" */;
			buildPhases = (
				FE36860E2ACB9FF40099436F /* Sources */,
				FE36860F2ACB9FF40099436F /* Frameworks */,
				FE3686102ACB9FF40099436F /* Resources */,
			);
			buildRules = (
			);
			dependencies = (
			);
			name = Companion;
			productName = Companion;
			productReference = FE3686122ACB9FF40099436F /* Companion.app */;
			productType = "com.apple.product-type.application";
		};
		FE3686212ACB9FF50099436F /* CompanionTests */ = {
			isa = PBXNativeTarget;
			buildConfigurationList = FE3686392ACB9FF50099436F /* Build configuration list for PBXNativeTarget "CompanionTests" */;
			buildPhases = (
				FE36861E2ACB9FF50099436F /* Sources */,
				FE36861F2ACB9FF50099436F /* Frameworks */,
				FE3686202ACB9FF50099436F /* Resources */,
			);
			buildRules = (
			);
			dependencies = (
				FE3686242ACB9FF50099436F /* PBXTargetDependency */,
			);
			name = CompanionTests;
			productName = CompanionTests;
			productReference = FE3686222ACB9FF50099436F /* CompanionTests.xctest */;
			productType = "com.apple.product-type.bundle.unit-test";
		};
		FE36862B2ACB9FF50099436F /* CompanionUITests */ = {
			isa = PBXNativeTarget;
			buildConfigurationList = FE36863C2ACB9FF50099436F /* Build configuration list for PBXNativeTarget "CompanionUITests" */;
			buildPhases = (
				FE3686282ACB9FF50099436F /* Sources */,
				FE3686292ACB9FF50099436F /* Frameworks */,
				FE36862A2ACB9FF50099436F /* Resources */,
			);
			buildRules = (
			);
			dependencies = (
				FE36862E2ACB9FF50099436F /* PBXTargetDependency */,
			);
			name = CompanionUITests;
			productName = CompanionUITests;
			productReference = FE36862C2ACB9FF50099436F /* CompanionUITests.xctest */;
			productType = "com.apple.product-type.bundle.ui-testing";
		};
/* End PBXNativeTarget section */

/* Begin PBXProject section */
		FE36860A2ACB9FF40099436F /* Project object */ = {
			isa = PBXProject;
			attributes = {
				BuildIndependentTargetsInParallel = 1;
				LastSwiftUpdateCheck = 1500;
				LastUpgradeCheck = 1500;
				TargetAttributes = {
					FE3686112ACB9FF40099436F = {
						CreatedOnToolsVersion = 15.0;
					};
					FE3686212ACB9FF50099436F = {
						CreatedOnToolsVersion = 15.0;
						TestTargetID = FE3686112ACB9FF40099436F;
					};
					FE36862B2ACB9FF50099436F = {
						CreatedOnToolsVersion = 15.0;
						TestTargetID = FE3686112ACB9FF40099436F;
					};
				};
			};
			buildConfigurationList = FE36860D2ACB9FF40099436F /* Build configuration list for PBXProject "Companion" */;
			compatibilityVersion = "Xcode 14.0";
			developmentRegion = en;
			hasScannedForEncodings = 0;
			knownRegions = (
				en,
				Base,
			);
			mainGroup = FE3686092ACB9FF40099436F;
			productRefGroup = FE3686132ACB9FF40099436F /* Products */;
			projectDirPath = "";
			projectRoot = "";
			targets = (
				FE3686112ACB9FF40099436F /* Companion */,
				FE3686212ACB9FF50099436F /* CompanionTests */,
				FE36862B2ACB9FF50099436F /* CompanionUITests */,
			);
		};
/* End PBXProject section */

/* Begin PBXResourcesBuildPhase section */
		FE3686102ACB9FF40099436F /* Resources */ = {
			isa = PBXResourcesBuildPhase;
			buildActionMask = 2147483647;
			files = (
				FE36861D2ACB9FF50099436F /* Preview Assets.xcassets in Resources */,
				FE36861A2ACB9FF50099436F /* Assets.xcassets in Resources */,
			);
			runOnlyForDeploymentPostprocessing = 0;
		};
		FE3686202ACB9FF50099436F /* Resources */ = {
			isa = PBXResourcesBuildPhase;
			buildActionMask = 2147483647;
			files = (
			);
			runOnlyForDeploymentPostprocessing = 0;
		};
		FE36862A2ACB9FF50099436F /* Resources */ = {
			isa = PBXResourcesBuildPhase;
			buildActionMask = 2147483647;
			files = (
			);
			runOnlyForDeploymentPostprocessing = 0;
		};
/* End PBXResourcesBuildPhase section */

/* Begin PBXSourcesBuildPhase section */
		FE36860E2ACB9FF40099436F /* Sources */ = {
			isa = PBXSourcesBuildPhase;
			buildActionMask = 2147483647;
			files = (
				FE3686822ACCEE830099436F /* OnGoingTaskView.swift in Sources */,
				FE3686182ACB9FF40099436F /* ContentView.swift in Sources */,
				FE3686802ACCEDD80099436F /* SettingView.swift in Sources */,
				FE3686162ACB9FF40099436F /* CompanionApp.swift in Sources */,
				FE3686842ACCFA570099436F /* HomePageView.swift in Sources */,
				FE3686462ACBB1F00099436F /* NameCompanionView.swift in Sources */,
			);
			runOnlyForDeploymentPostprocessing = 0;
		};
		FE36861E2ACB9FF50099436F /* Sources */ = {
			isa = PBXSourcesBuildPhase;
			buildActionMask = 2147483647;
			files = (
				FE3686272ACB9FF50099436F /* CompanionTests.swift in Sources */,
			);
			runOnlyForDeploymentPostprocessing = 0;
		};
		FE3686282ACB9FF50099436F /* Sources */ = {
			isa = PBXSourcesBuildPhase;
			buildActionMask = 2147483647;
			files = (
				FE3686312ACB9FF50099436F /* CompanionUITests.swift in Sources */,
				FE3686332ACB9FF50099436F /* CompanionUITestsLaunchTests.swift in Sources */,
			);
			runOnlyForDeploymentPostprocessing = 0;
		};
/* End PBXSourcesBuildPhase section */

/* Begin PBXTargetDependency section */
		FE3686242ACB9FF50099436F /* PBXTargetDependency */ = {
			isa = PBXTargetDependency;
			target = FE3686112ACB9FF40099436F /* Companion */;
			targetProxy = FE3686232ACB9FF50099436F /* PBXContainerItemProxy */;
		};
		FE36862E2ACB9FF50099436F /* PBXTargetDependency */ = {
			isa = PBXTargetDependency;
			target = FE3686112ACB9FF40099436F /* Companion */;
			targetProxy = FE36862D2ACB9FF50099436F /* PBXContainerItemProxy */;
		};
/* End PBXTargetDependency section */

/* Begin XCBuildConfiguration section */
		FE3686342ACB9FF50099436F /* Debug */ = {
			isa = XCBuildConfiguration;
			buildSettings = {
				ALWAYS_SEARCH_USER_PATHS = NO;
				ASSETCATALOG_COMPILER_GENERATE_SWIFT_ASSET_SYMBOL_EXTENSIONS = YES;
				CLANG_ANALYZER_NONNULL = YES;
				CLANG_ANALYZER_NUMBER_OBJECT_CONVERSION = YES_AGGRESSIVE;
				CLANG_CXX_LANGUAGE_STANDARD = "gnu++20";
				CLANG_ENABLE_MODULES = YES;
				CLANG_ENABLE_OBJC_ARC = YES;
				CLANG_ENABLE_OBJC_WEAK = YES;
				CLANG_WARN_BLOCK_CAPTURE_AUTORELEASING = YES;
				CLANG_WARN_BOOL_CONVERSION = YES;
				CLANG_WARN_COMMA = YES;
				CLANG_WARN_CONSTANT_CONVERSION = YES;
				CLANG_WARN_DEPRECATED_OBJC_IMPLEMENTATIONS = YES;
				CLANG_WARN_DIRECT_OBJC_ISA_USAGE = YES_ERROR;
				CLANG_WARN_DOCUMENTATION_COMMENTS = YES;
				CLANG_WARN_EMPTY_BODY = YES;
				CLANG_WARN_ENUM_CONVERSION = YES;
				CLANG_WARN_INFINITE_RECURSION = YES;
				CLANG_WARN_INT_CONVERSION = YES;
				CLANG_WARN_NON_LITERAL_NULL_CONVERSION = YES;
				CLANG_WARN_OBJC_IMPLICIT_RETAIN_SELF = YES;
				CLANG_WARN_OBJC_LITERAL_CONVERSION = YES;
				CLANG_WARN_OBJC_ROOT_CLASS = YES_ERROR;
				CLANG_WARN_QUOTED_INCLUDE_IN_FRAMEWORK_HEADER = YES;
				CLANG_WARN_RANGE_LOOP_ANALYSIS = YES;
				CLANG_WARN_STRICT_PROTOTYPES = YES;
				CLANG_WARN_SUSPICIOUS_MOVE = YES;
				CLANG_WARN_UNGUARDED_AVAILABILITY = YES_AGGRESSIVE;
				CLANG_WARN_UNREACHABLE_CODE = YES;
				CLANG_WARN__DUPLICATE_METHOD_MATCH = YES;
				COPY_PHASE_STRIP = NO;
				DEBUG_INFORMATION_FORMAT = dwarf;
				ENABLE_STRICT_OBJC_MSGSEND = YES;
				ENABLE_TESTABILITY = YES;
				ENABLE_USER_SCRIPT_SANDBOXING = YES;
				GCC_C_LANGUAGE_STANDARD = gnu17;
				GCC_DYNAMIC_NO_PIC = NO;
				GCC_NO_COMMON_BLOCKS = YES;
				GCC_OPTIMIZATION_LEVEL = 0;
				GCC_PREPROCESSOR_DEFINITIONS = (
					"DEBUG=1",
					"$(inherited)",
				);
				GCC_WARN_64_TO_32_BIT_CONVERSION = YES;
				GCC_WARN_ABOUT_RETURN_TYPE = YES_ERROR;
				GCC_WARN_UNDECLARED_SELECTOR = YES;
				GCC_WARN_UNINITIALIZED_AUTOS = YES_AGGRESSIVE;
				GCC_WARN_UNUSED_FUNCTION = YES;
				GCC_WARN_UNUSED_VARIABLE = YES;
				IPHONEOS_DEPLOYMENT_TARGET = 17.0;
				LOCALIZATION_PREFERS_STRING_CATALOGS = YES;
				MTL_ENABLE_DEBUG_INFO = INCLUDE_SOURCE;
				MTL_FAST_MATH = YES;
				ONLY_ACTIVE_ARCH = YES;
				SDKROOT = iphoneos;
				SWIFT_ACTIVE_COMPILATION_CONDITIONS = "DEBUG $(inherited)";
				SWIFT_OPTIMIZATION_LEVEL = "-Onone";
			};
			name = Debug;
		};
		FE3686352ACB9FF50099436F /* Release */ = {
			isa = XCBuildConfiguration;
			buildSettings = {
				ALWAYS_SEARCH_USER_PATHS = NO;
				ASSETCATALOG_COMPILER_GENERATE_SWIFT_ASSET_SYMBOL_EXTENSIONS = YES;
				CLANG_ANALYZER_NONNULL = YES;
				CLANG_ANALYZER_NUMBER_OBJECT_CONVERSION = YES_AGGRESSIVE;
				CLANG_CXX_LANGUAGE_STANDARD = "gnu++20";
				CLANG_ENABLE_MODULES = YES;
				CLANG_ENABLE_OBJC_ARC = YES;
				CLANG_ENABLE_OBJC_WEAK = YES;
				CLANG_WARN_BLOCK_CAPTURE_AUTORELEASING = YES;
				CLANG_WARN_BOOL_CONVERSION = YES;
				CLANG_WARN_COMMA = YES;
				CLANG_WARN_CONSTANT_CONVERSION = YES;
				CLANG_WARN_DEPRECATED_OBJC_IMPLEMENTATIONS = YES;
				CLANG_WARN_DIRECT_OBJC_ISA_USAGE = YES_ERROR;
				CLANG_WARN_DOCUMENTATION_COMMENTS = YES;
				CLANG_WARN_EMPTY_BODY = YES;
				CLANG_WARN_ENUM_CONVERSION = YES;
				CLANG_WARN_INFINITE_RECURSION = YES;
				CLANG_WARN_INT_CONVERSION = YES;
				CLANG_WARN_NON_LITERAL_NULL_CONVERSION = YES;
				CLANG_WARN_OBJC_IMPLICIT_RETAIN_SELF = YES;
				CLANG_WARN_OBJC_LITERAL_CONVERSION = YES;
				CLANG_WARN_OBJC_ROOT_CLASS = YES_ERROR;
				CLANG_WARN_QUOTED_INCLUDE_IN_FRAMEWORK_HEADER = YES;
				CLANG_WARN_RANGE_LOOP_ANALYSIS = YES;
				CLANG_WARN_STRICT_PROTOTYPES = YES;
				CLANG_WARN_SUSPICIOUS_MOVE = YES;
				CLANG_WARN_UNGUARDED_AVAILABILITY = YES_AGGRESSIVE;
				CLANG_WARN_UNREACHABLE_CODE = YES;
				CLANG_WARN__DUPLICATE_METHOD_MATCH = YES;
				COPY_PHASE_STRIP = NO;
				DEBUG_INFORMATION_FORMAT = "dwarf-with-dsym";
				ENABLE_NS_ASSERTIONS = NO;
				ENABLE_STRICT_OBJC_MSGSEND = YES;
				ENABLE_USER_SCRIPT_SANDBOXING = YES;
				GCC_C_LANGUAGE_STANDARD = gnu17;
				GCC_NO_COMMON_BLOCKS = YES;
				GCC_WARN_64_TO_32_BIT_CONVERSION = YES;
				GCC_WARN_ABOUT_RETURN_TYPE = YES_ERROR;
				GCC_WARN_UNDECLARED_SELECTOR = YES;
				GCC_WARN_UNINITIALIZED_AUTOS = YES_AGGRESSIVE;
				GCC_WARN_UNUSED_FUNCTION = YES;
				GCC_WARN_UNUSED_VARIABLE = YES;
				IPHONEOS_DEPLOYMENT_TARGET = 17.0;
				LOCALIZATION_PREFERS_STRING_CATALOGS = YES;
				MTL_ENABLE_DEBUG_INFO = NO;
				MTL_FAST_MATH = YES;
				SDKROOT = iphoneos;
				SWIFT_COMPILATION_MODE = wholemodule;
				VALIDATE_PRODUCT = YES;
			};
			name = Release;
		};
		FE3686372ACB9FF50099436F /* Debug */ = {
			isa = XCBuildConfiguration;
			buildSettings = {
				ASSETCATALOG_COMPILER_APPICON_NAME = AppIcon;
				ASSETCATALOG_COMPILER_GLOBAL_ACCENT_COLOR_NAME = AccentColor;
				CODE_SIGN_STYLE = Automatic;
				CURRENT_PROJECT_VERSION = 1;
				DEVELOPMENT_ASSET_PATHS = "\"Companion/Preview Content\"";
				DEVELOPMENT_TEAM = PGJQZN2B36;
				ENABLE_PREVIEWS = YES;
				GENERATE_INFOPLIST_FILE = YES;
				INFOPLIST_KEY_UIApplicationSceneManifest_Generation = YES;
				INFOPLIST_KEY_UIApplicationSupportsIndirectInputEvents = YES;
				INFOPLIST_KEY_UILaunchScreen_Generation = YES;
				INFOPLIST_KEY_UISupportedInterfaceOrientations_iPad = "UIInterfaceOrientationPortrait UIInterfaceOrientationPortraitUpsideDown UIInterfaceOrientationLandscapeLeft UIInterfaceOrientationLandscapeRight";
				INFOPLIST_KEY_UISupportedInterfaceOrientations_iPhone = "UIInterfaceOrientationPortrait UIInterfaceOrientationLandscapeLeft UIInterfaceOrientationLandscapeRight";
				LD_RUNPATH_SEARCH_PATHS = (
					"$(inherited)",
					"@executable_path/Frameworks",
				);
				MARKETING_VERSION = 1.0;
				PRODUCT_BUNDLE_IDENTIFIER = me.Chaman.Kumar.Companion;
				PRODUCT_NAME = "$(TARGET_NAME)";
				SWIFT_EMIT_LOC_STRINGS = YES;
				SWIFT_VERSION = 5.0;
				TARGETED_DEVICE_FAMILY = "1,2";
			};
			name = Debug;
		};
		FE3686382ACB9FF50099436F /* Release */ = {
			isa = XCBuildConfiguration;
			buildSettings = {
				ASSETCATALOG_COMPILER_APPICON_NAME = AppIcon;
				ASSETCATALOG_COMPILER_GLOBAL_ACCENT_COLOR_NAME = AccentColor;
				CODE_SIGN_STYLE = Automatic;
				CURRENT_PROJECT_VERSION = 1;
				DEVELOPMENT_ASSET_PATHS = "\"Companion/Preview Content\"";
				DEVELOPMENT_TEAM = PGJQZN2B36;
				ENABLE_PREVIEWS = YES;
				GENERATE_INFOPLIST_FILE = YES;
				INFOPLIST_KEY_UIApplicationSceneManifest_Generation = YES;
				INFOPLIST_KEY_UIApplicationSupportsIndirectInputEvents = YES;
				INFOPLIST_KEY_UILaunchScreen_Generation = YES;
				INFOPLIST_KEY_UISupportedInterfaceOrientations_iPad = "UIInterfaceOrientationPortrait UIInterfaceOrientationPortraitUpsideDown UIInterfaceOrientationLandscapeLeft UIInterfaceOrientationLandscapeRight";
				INFOPLIST_KEY_UISupportedInterfaceOrientations_iPhone = "UIInterfaceOrientationPortrait UIInterfaceOrientationLandscapeLeft UIInterfaceOrientationLandscapeRight";
				LD_RUNPATH_SEARCH_PATHS = (
					"$(inherited)",
					"@executable_path/Frameworks",
				);
				MARKETING_VERSION = 1.0;
				PRODUCT_BUNDLE_IDENTIFIER = me.Chaman.Kumar.Companion;
				PRODUCT_NAME = "$(TARGET_NAME)";
				SWIFT_EMIT_LOC_STRINGS = YES;
				SWIFT_VERSION = 5.0;
				TARGETED_DEVICE_FAMILY = "1,2";
			};
			name = Release;
		};
		FE36863A2ACB9FF50099436F /* Debug */ = {
			isa = XCBuildConfiguration;
			buildSettings = {
				ALWAYS_EMBED_SWIFT_STANDARD_LIBRARIES = YES;
				BUNDLE_LOADER = "$(TEST_HOST)";
				CODE_SIGN_STYLE = Automatic;
				CURRENT_PROJECT_VERSION = 1;
				DEVELOPMENT_TEAM = PGJQZN2B36;
				GENERATE_INFOPLIST_FILE = YES;
				IPHONEOS_DEPLOYMENT_TARGET = 17.0;
				MARKETING_VERSION = 1.0;
				PRODUCT_BUNDLE_IDENTIFIER = me.Chaman.Kumar.CompanionTests;
				PRODUCT_NAME = "$(TARGET_NAME)";
				SWIFT_EMIT_LOC_STRINGS = NO;
				SWIFT_VERSION = 5.0;
				TARGETED_DEVICE_FAMILY = "1,2";
				TEST_HOST = "$(BUILT_PRODUCTS_DIR)/Companion.app/$(BUNDLE_EXECUTABLE_FOLDER_PATH)/Companion";
			};
			name = Debug;
		};
		FE36863B2ACB9FF50099436F /* Release */ = {
			isa = XCBuildConfiguration;
			buildSettings = {
				ALWAYS_EMBED_SWIFT_STANDARD_LIBRARIES = YES;
				BUNDLE_LOADER = "$(TEST_HOST)";
				CODE_SIGN_STYLE = Automatic;
				CURRENT_PROJECT_VERSION = 1;
				DEVELOPMENT_TEAM = PGJQZN2B36;
				GENERATE_INFOPLIST_FILE = YES;
				IPHONEOS_DEPLOYMENT_TARGET = 17.0;
				MARKETING_VERSION = 1.0;
				PRODUCT_BUNDLE_IDENTIFIER = me.Chaman.Kumar.CompanionTests;
				PRODUCT_NAME = "$(TARGET_NAME)";
				SWIFT_EMIT_LOC_STRINGS = NO;
				SWIFT_VERSION = 5.0;
				TARGETED_DEVICE_FAMILY = "1,2";
				TEST_HOST = "$(BUILT_PRODUCTS_DIR)/Companion.app/$(BUNDLE_EXECUTABLE_FOLDER_PATH)/Companion";
			};
			name = Release;
		};
		FE36863D2ACB9FF50099436F /* Debug */ = {
			isa = XCBuildConfiguration;
			buildSettings = {
				ALWAYS_EMBED_SWIFT_STANDARD_LIBRARIES = YES;
				CODE_SIGN_STYLE = Automatic;
				CURRENT_PROJECT_VERSION = 1;
				DEVELOPMENT_TEAM = PGJQZN2B36;
				GENERATE_INFOPLIST_FILE = YES;
				MARKETING_VERSION = 1.0;
				PRODUCT_BUNDLE_IDENTIFIER = me.Chaman.Kumar.CompanionUITests;
				PRODUCT_NAME = "$(TARGET_NAME)";
				SWIFT_EMIT_LOC_STRINGS = NO;
				SWIFT_VERSION = 5.0;
				TARGETED_DEVICE_FAMILY = "1,2";
				TEST_TARGET_NAME = Companion;
			};
			name = Debug;
		};
		FE36863E2ACB9FF50099436F /* Release */ = {
			isa = XCBuildConfiguration;
			buildSettings = {
				ALWAYS_EMBED_SWIFT_STANDARD_LIBRARIES = YES;
				CODE_SIGN_STYLE = Automatic;
				CURRENT_PROJECT_VERSION = 1;
				DEVELOPMENT_TEAM = PGJQZN2B36;
				GENERATE_INFOPLIST_FILE = YES;
				MARKETING_VERSION = 1.0;
				PRODUCT_BUNDLE_IDENTIFIER = me.Chaman.Kumar.CompanionUITests;
				PRODUCT_NAME = "$(TARGET_NAME)";
				SWIFT_EMIT_LOC_STRINGS = NO;
				SWIFT_VERSION = 5.0;
				TARGETED_DEVICE_FAMILY = "1,2";
				TEST_TARGET_NAME = Companion;
			};
			name = Release;
		};
/* End XCBuildConfiguration section */

/* Begin XCConfigurationList section */
		FE36860D2ACB9FF40099436F /* Build configuration list for PBXProject "Companion" */ = {
			isa = XCConfigurationList;
			buildConfigurations = (
				FE3686342ACB9FF50099436F /* Debug */,
				FE3686352ACB9FF50099436F /* Release */,
			);
			defaultConfigurationIsVisible = 0;
			defaultConfigurationName = Release;
		};
		FE3686362ACB9FF50099436F /* Build configuration list for PBXNativeTarget "Companion" */ = {
			isa = XCConfigurationList;
			buildConfigurations = (
				FE3686372ACB9FF50099436F /* Debug */,
				FE3686382ACB9FF50099436F /* Release */,
			);
			defaultConfigurationIsVisible = 0;
			defaultConfigurationName = Release;
		};
		FE3686392ACB9FF50099436F /* Build configuration list for PBXNativeTarget "CompanionTests" */ = {
			isa = XCConfigurationList;
			buildConfigurations = (
				FE36863A2ACB9FF50099436F /* Debug */,
				FE36863B2ACB9FF50099436F /* Release */,
			);
			defaultConfigurationIsVisible = 0;
			defaultConfigurationName = Release;
		};
		FE36863C2ACB9FF50099436F /* Build configuration list for PBXNativeTarget "CompanionUITests" */ = {
			isa = XCConfigurationList;
			buildConfigurations = (
				FE36863D2ACB9FF50099436F /* Debug */,
				FE36863E2ACB9FF50099436F /* Release */,
			);
			defaultConfigurationIsVisible = 0;
			defaultConfigurationName = Release;
		};
/* End XCConfigurationList section */
	};
	rootObject = FE36860A2ACB9FF40099436F /* Project object */;
}
